
Microsoft Visual Studio Solution File, Format Version 12.00
# Visual Studio Version 16
VisualStudioVersion = 16.0.29613.14
MinimumVisualStudioVersion = 10.0.40219.1
Project("{FAE04EC0-301F-11D3-BF4B-00C04F79EFBC}") = "HackerRank_Day6", "HackerRank_Day6\HackerRank_Day6.csproj", "{AA18C27F-71ED-4950-9A80-C8DD711B40E5}"
EndProject
Global
	GlobalSection(SolutionConfigurationPlatforms) = preSolution
		Debug|Any CPU = Debug|Any CPU
		Release|Any CPU = Release|Any CPU
	EndGlobalSection
	GlobalSection(ProjectConfigurationPlatforms) = postSolution
		{AA18C27F-71ED-4950-9A80-C8DD711B40E5}.Debug|Any CPU.ActiveCfg = Debug|Any CPU
		{AA18C27F-71ED-4950-9A80-C8DD711B40E5}.Debug|Any CPU.Build.0 = Debug|Any CPU
		{AA18C27F-71ED-4950-9A80-C8DD711B40E5}.Release|Any CPU.ActiveCfg = Release|Any CPU
		{AA18C27F-71ED-4950-9A80-C8DD711B40E5}.Release|Any CPU.Build.0 = Release|Any CPU
	EndGlobalSection
	GlobalSection(SolutionProperties) = preSolution
		HideSolutionNode = FALSE
	EndGlobalSection
	GlobalSection(ExtensibilityGlobals) = postSolution
		SolutionGuid = {D4866087-BE2F-4B40-8987-77CF984BCA19}
	EndGlobalSection
EndGlobal
